{
  "version": 1,
  "dependencies": {
    "net7.0": {
      "RestSharp": {
        "type": "Direct",
        "requested": "[110.2.0, )",
        "resolved": "110.2.0",
        "contentHash": "FXGw0IMcqY7yO/hzS9QrD3iNswNgb9UxJnxWmfOxmGs4kRlZWqdtBoGPLuhlbgsDzX1RFo4WKui8TGGKXWKalw==",
        "dependencies": {
          "System.Text.Json": "7.0.2"
        }
      },
      "System.Text.Encodings.Web": {
        "type": "Transitive",
        "resolved": "7.0.0",
        "contentHash": "OP6umVGxc0Z0MvZQBVigj4/U31Pw72ITihDWP9WiWDm+q5aoe0GaJivsfYGq53o6dxH7DcXWiCTl7+0o2CGdmg=="
      },
      "System.Text.Json": {
        "type": "Transitive",
        "resolved": "7.0.2",
        "contentHash": "/LZf/JrGyilojqwpaywb+sSz8Tew7ij4K/Sk+UW8AKfAK7KRhR6mKpKtTm06cYA7bCpGTWfYksIW+mVsdxPegQ==",
        "dependencies": {
          "System.Text.Encodings.Web": "7.0.0"
        }
      }
    }
  }
}